
Microsoft Visual Studio Solution File, Format Version 12.00
# Visual Studio Version 17
VisualStudioVersion = 17.7.34221.43
MinimumVisualStudioVersion = 10.0.40219.1
Project("{FAE04EC0-301F-11D3-BF4B-00C04F79EFBC}") = "Community-Center-Project-(Team-8)", "Community-Center-Project-(Team-8)\Community-Center-Project-(Team-8).csproj", "{48220AC6-062F-45FC-B87B-167C7FF49EE2}"
EndProject
Project("{FAE04EC0-301F-11D3-BF4B-00C04F79EFBC}") = "DatabaseSetup", "DatabaseSetup\DatabaseSetup.csproj", "{643263FC-31FC-4360-A2EC-80FD9DE0DFEB}"
EndProject
Project("{FAE04EC0-301F-11D3-BF4B-00C04F79EFBC}") = "PersonData", "PersonData\PersonData.csproj", "{595F050D-149D-499E-A429-2BE354573B07}"
EndProject
Project("{FAE04EC0-301F-11D3-BF4B-00C04F79EFBC}") = "EventData", "EventData\EventData.csproj", "{2B4420F7-45E6-4819-A6A3-F0247FF47719}"
EndProject
Project("{FAE04EC0-301F-11D3-BF4B-00C04F79EFBC}") = "GroupData", "GroupData\GroupData.csproj", "{0C500A23-AF28-4D3D-9270-2963A647314A}"
EndProject
Global
	GlobalSection(SolutionConfigurationPlatforms) = preSolution
		Debug|Any CPU = Debug|Any CPU
		Release|Any CPU = Release|Any CPU
	EndGlobalSection
	GlobalSection(ProjectConfigurationPlatforms) = postSolution
		{48220AC6-062F-45FC-B87B-167C7FF49EE2}.Debug|Any CPU.ActiveCfg = Debug|Any CPU
		{48220AC6-062F-45FC-B87B-167C7FF49EE2}.Debug|Any CPU.Build.0 = Debug|Any CPU
		{48220AC6-062F-45FC-B87B-167C7FF49EE2}.Release|Any CPU.ActiveCfg = Release|Any CPU
		{48220AC6-062F-45FC-B87B-167C7FF49EE2}.Release|Any CPU.Build.0 = Release|Any CPU
		{643263FC-31FC-4360-A2EC-80FD9DE0DFEB}.Debug|Any CPU.ActiveCfg = Debug|Any CPU
		{643263FC-31FC-4360-A2EC-80FD9DE0DFEB}.Debug|Any CPU.Build.0 = Debug|Any CPU
		{643263FC-31FC-4360-A2EC-80FD9DE0DFEB}.Release|Any CPU.ActiveCfg = Release|Any CPU
		{643263FC-31FC-4360-A2EC-80FD9DE0DFEB}.Release|Any CPU.Build.0 = Release|Any CPU
		{595F050D-149D-499E-A429-2BE354573B07}.Debug|Any CPU.ActiveCfg = Debug|Any CPU
		{595F050D-149D-499E-A429-2BE354573B07}.Debug|Any CPU.Build.0 = Debug|Any CPU
		{595F050D-149D-499E-A429-2BE354573B07}.Release|Any CPU.ActiveCfg = Release|Any CPU
		{595F050D-149D-499E-A429-2BE354573B07}.Release|Any CPU.Build.0 = Release|Any CPU
		{2B4420F7-45E6-4819-A6A3-F0247FF47719}.Debug|Any CPU.ActiveCfg = Debug|Any CPU
		{2B4420F7-45E6-4819-A6A3-F0247FF47719}.Debug|Any CPU.Build.0 = Debug|Any CPU
		{2B4420F7-45E6-4819-A6A3-F0247FF47719}.Release|Any CPU.ActiveCfg = Release|Any CPU
		{2B4420F7-45E6-4819-A6A3-F0247FF47719}.Release|Any CPU.Build.0 = Release|Any CPU
		{0C500A23-AF28-4D3D-9270-2963A647314A}.Debug|Any CPU.ActiveCfg = Debug|Any CPU
		{0C500A23-AF28-4D3D-9270-2963A647314A}.Debug|Any CPU.Build.0 = Debug|Any CPU
		{0C500A23-AF28-4D3D-9270-2963A647314A}.Release|Any CPU.ActiveCfg = Release|Any CPU
		{0C500A23-AF28-4D3D-9270-2963A647314A}.Release|Any CPU.Build.0 = Release|Any CPU
	EndGlobalSection
	GlobalSection(SolutionProperties) = preSolution
		HideSolutionNode = FALSE
	EndGlobalSection
	GlobalSection(ExtensibilityGlobals) = postSolution
		SolutionGuid = {BE7C1336-40CC-4E49-AB40-C6EB108FAC12}
	EndGlobalSection
EndGlobal
